// !$*UTF8*$!
{
	archiveVersion = 1;
	classes = {
	};
	objectVersion = 50;
	objects = {

/* Begin PBXBuildFile section */
		18E16D8E234E0B610093468A /* AppDelegate.m in Sources */ = {isa = PBXBuildFile; fileRef = 18E16D8D234E0B610093468A /* AppDelegate.m */; };
		18E16D94234E0B610093468A /* ViewController.m in Sources */ = {isa = PBXBuildFile; fileRef = 18E16D93234E0B610093468A /* ViewController.m */; };
		18E16D97234E0B610093468A /* Main.storyboard in Resources */ = {isa = PBXBuildFile; fileRef = 18E16D95234E0B610093468A /* Main.storyboard */; };
		18E16D99234E0B630093468A /* Assets.xcassets in Resources */ = {isa = PBXBuildFile; fileRef = 18E16D98234E0B630093468A /* Assets.xcassets */; };
		18E16D9C234E0B630093468A /* LaunchScreen.storyboard in Resources */ = {isa = PBXBuildFile; fileRef = 18E16D9A234E0B630093468A /* LaunchScreen.storyboard */; };
		18E16D9F234E0B630093468A /* main.m in Sources */ = {isa = PBXBuildFile; fileRef = 18E16D9E234E0B630093468A /* main.m */; };
		18E16E50234E0DC50093468A /* LICENSE in Resources */ = {isa = PBXBuildFile; fileRef = 18E16DDF234E0DC40093468A /* LICENSE */; };
		18E16E51234E0DC50093468A /* README.md in Resources */ = {isa = PBXBuildFile; fileRef = 18E16DE0234E0DC40093468A /* README.md */; };
		18E16E52234E0DC50093468A /* UIProgressView+AFNetworking.m in Sources */ = {isa = PBXBuildFile; fileRef = 18E16DE2234E0DC40093468A /* UIProgressView+AFNetworking.m */; };
		18E16E53234E0DC50093468A /* UIRefreshControl+AFNetworking.m in Sources */ = {isa = PBXBuildFile; fileRef = 18E16DE4234E0DC40093468A /* UIRefreshControl+AFNetworking.m */; };
		18E16E54234E0DC50093468A /* AFNetworkActivityIndicatorManager.m in Sources */ = {isa = PBXBuildFile; fileRef = 18E16DE7234E0DC40093468A /* AFNetworkActivityIndicatorManager.m */; };
		18E16E55234E0DC50093468A /* UIImageView+AFNetworking.m in Sources */ = {isa = PBXBuildFile; fileRef = 18E16DED234E0DC50093468A /* UIImageView+AFNetworking.m */; };
		18E16E56234E0DC50093468A /* UIButton+AFNetworking.m in Sources */ = {isa = PBXBuildFile; fileRef = 18E16DF0234E0DC50093468A /* UIButton+AFNetworking.m */; };
		18E16E57234E0DC50093468A /* UIActivityIndicatorView+AFNetworking.m in Sources */ = {isa = PBXBuildFile; fileRef = 18E16DF1234E0DC50093468A /* UIActivityIndicatorView+AFNetworking.m */; };
		18E16E58234E0DC50093468A /* UIWebView+AFNetworking.m in Sources */ = {isa = PBXBuildFile; fileRef = 18E16DF2234E0DC50093468A /* UIWebView+AFNetworking.m */; };
		18E16E59234E0DC50093468A /* AFAutoPurgingImageCache.m in Sources */ = {isa = PBXBuildFile; fileRef = 18E16DF3234E0DC50093468A /* AFAutoPurgingImageCache.m */; };
		18E16E5A234E0DC50093468A /* AFImageDownloader.m in Sources */ = {isa = PBXBuildFile; fileRef = 18E16DF5234E0DC50093468A /* AFImageDownloader.m */; };
		18E16E5B234E0DC50093468A /* AFURLResponseSerialization.m in Sources */ = {isa = PBXBuildFile; fileRef = 18E16DFB234E0DC50093468A /* AFURLResponseSerialization.m */; };
		18E16E5C234E0DC50093468A /* AFHTTPSessionManager.m in Sources */ = {isa = PBXBuildFile; fileRef = 18E16DFC234E0DC50093468A /* AFHTTPSessionManager.m */; };
		18E16E5D234E0DC50093468A /* AFURLSessionManager.m in Sources */ = {isa = PBXBuildFile; fileRef = 18E16DFE234E0DC50093468A /* AFURLSessionManager.m */; };
		18E16E5E234E0DC50093468A /* AFURLRequestSerialization.m in Sources */ = {isa = PBXBuildFile; fileRef = 18E16DFF234E0DC50093468A /* AFURLRequestSerialization.m */; };
		18E16E5F234E0DC50093468A /* AFNetworkReachabilityManager.m in Sources */ = {isa = PBXBuildFile; fileRef = 18E16E01234E0DC50093468A /* AFNetworkReachabilityManager.m */; };
		18E16E60234E0DC50093468A /* AFSecurityPolicy.m in Sources */ = {isa = PBXBuildFile; fileRef = 18E16E02234E0DC50093468A /* AFSecurityPolicy.m */; };
		18E16E71234E0DC50093468A /* NetworkManager.m in Sources */ = {isa = PBXBuildFile; fileRef = 18E16E27234E0DC50093468A /* NetworkManager.m */; };
		18E16E72234E0DC50093468A /* WebToolbarView.m in Sources */ = {isa = PBXBuildFile; fileRef = 18E16E29234E0DC50093468A /* WebToolbarView.m */; };
		18E16E73234E0DC50093468A /* WebViewController.m in Sources */ = {isa = PBXBuildFile; fileRef = 18E16E2B234E0DC50093468A /* WebViewController.m */; };
		18E16E74234E0DC50093468A /* closed.png in Resources */ = {isa = PBXBuildFile; fileRef = 18E16E2F234E0DC50093468A /* closed.png */; };
		18E16E75234E0DC50093468A /* home.png in Resources */ = {isa = PBXBuildFile; fileRef = 18E16E30234E0DC50093468A /* home.png */; };
		18E16E76234E0DC50093468A /* forward.png in Resources */ = {isa = PBXBuildFile; fileRef = 18E16E31234E0DC50093468A /* forward.png */; };
		18E16E77234E0DC50093468A /* guanbi.png in Resources */ = {isa = PBXBuildFile; fileRef = 18E16E32234E0DC50093468A /* guanbi.png */; };
		18E16E78234E0DC50093468A /* back.png in Resources */ = {isa = PBXBuildFile; fileRef = 18E16E33234E0DC50093468A /* back.png */; };
		18E16E79234E0DC50093468A /* reload.png in Resources */ = {isa = PBXBuildFile; fileRef = 18E16E34234E0DC50093468A /* reload.png */; };
		18E16E7A234E0DC50093468A /* WebUserProfile.m in Sources */ = {isa = PBXBuildFile; fileRef = 18E16E35234E0DC50093468A /* WebUserProfile.m */; };
/* End PBXBuildFile section */

/* Begin PBXFileReference section */
		18E16D89234E0B610093468A /* WebViewDemo.app */ = {isa = PBXFileReference; explicitFileType = wrapper.application; includeInIndex = 0; path = WebViewDemo.app; sourceTree = BUILT_PRODUCTS_DIR; };
		18E16D8C234E0B610093468A /* AppDelegate.h */ = {isa = PBXFileReference; lastKnownFileType = sourcecode.c.h; path = AppDelegate.h; sourceTree = "<group>"; };
		18E16D8D234E0B610093468A /* AppDelegate.m */ = {isa = PBXFileReference; lastKnownFileType = sourcecode.c.objc; path = AppDelegate.m; sourceTree = "<group>"; };
		18E16D92234E0B610093468A /* ViewController.h */ = {isa = PBXFileReference; lastKnownFileType = sourcecode.c.h; path = ViewController.h; sourceTree = "<group>"; };
		18E16D93234E0B610093468A /* ViewController.m */ = {isa = PBXFileReference; lastKnownFileType = sourcecode.c.objc; path = ViewController.m; sourceTree = "<group>"; };
		18E16D96234E0B610093468A /* Base */ = {isa = PBXFileReference; lastKnownFileType = file.storyboard; name = Base; path = Base.lproj/Main.storyboard; sourceTree = "<group>"; };
		18E16D98234E0B630093468A /* Assets.xcassets */ = {isa = PBXFileReference; lastKnownFileType = folder.assetcatalog; path = Assets.xcassets; sourceTree = "<group>"; };
		18E16D9B234E0B630093468A /* Base */ = {isa = PBXFileReference; lastKnownFileType = file.storyboard; name = Base; path = Base.lproj/LaunchScreen.storyboard; sourceTree = "<group>"; };
		18E16D9D234E0B630093468A /* Info.plist */ = {isa = PBXFileReference; lastKnownFileType = text.plist.xml; path = Info.plist; sourceTree = "<group>"; };
		18E16D9E234E0B630093468A /* main.m */ = {isa = PBXFileReference; lastKnownFileType = sourcecode.c.objc; path = main.m; sourceTree = "<group>"; };
		18E16DDF234E0DC40093468A /* LICENSE */ = {isa = PBXFileReference; fileEncoding = 4; lastKnownFileType = text; path = LICENSE; sourceTree = "<group>"; };
		18E16DE0234E0DC40093468A /* README.md */ = {isa = PBXFileReference; fileEncoding = 4; lastKnownFileType = net.daringfireball.markdown; path = README.md; sourceTree = "<group>"; };
		18E16DE2234E0DC40093468A /* UIProgressView+AFNetworking.m */ = {isa = PBXFileReference; fileEncoding = 4; lastKnownFileType = sourcecode.c.objc; path = "UIProgressView+AFNetworking.m"; sourceTree = "<group>"; };
		18E16DE3234E0DC40093468A /* UIButton+AFNetworking.h */ = {isa = PBXFileReference; fileEncoding = 4; lastKnownFileType = sourcecode.c.h; path = "UIButton+AFNetworking.h"; sourceTree = "<group>"; };
		18E16DE4234E0DC40093468A /* UIRefreshControl+AFNetworking.m */ = {isa = PBXFileReference; fileEncoding = 4; lastKnownFileType = sourcecode.c.objc; path = "UIRefreshControl+AFNetworking.m"; sourceTree = "<group>"; };
		18E16DE5234E0DC40093468A /* UIImageView+AFNetworking.h */ = {isa = PBXFileReference; fileEncoding = 4; lastKnownFileType = sourcecode.c.h; path = "UIImageView+AFNetworking.h"; sourceTree = "<group>"; };
		18E16DE6234E0DC40093468A /* AFImageDownloader.h */ = {isa = PBXFileReference; fileEncoding = 4; lastKnownFileType = sourcecode.c.h; path = AFImageDownloader.h; sourceTree = "<group>"; };
		18E16DE7234E0DC40093468A /* AFNetworkActivityIndicatorManager.m */ = {isa = PBXFileReference; fileEncoding = 4; lastKnownFileType = sourcecode.c.objc; path = AFNetworkActivityIndicatorManager.m; sourceTree = "<group>"; };
		18E16DE8234E0DC40093468A /* AFAutoPurgingImageCache.h */ = {isa = PBXFileReference; fileEncoding = 4; lastKnownFileType = sourcecode.c.h; path = AFAutoPurgingImageCache.h; sourceTree = "<group>"; };
		18E16DE9234E0DC50093468A /* UIWebView+AFNetworking.h */ = {isa = PBXFileReference; fileEncoding = 4; lastKnownFileType = sourcecode.c.h; path = "UIWebView+AFNetworking.h"; sourceTree = "<group>"; };
		18E16DEA234E0DC50093468A /* UIActivityIndicatorView+AFNetworking.h */ = {isa = PBXFileReference; fileEncoding = 4; lastKnownFileType = sourcecode.c.h; path = "UIActivityIndicatorView+AFNetworking.h"; sourceTree = "<group>"; };
		18E16DEB234E0DC50093468A /* UIImage+AFNetworking.h */ = {isa = PBXFileReference; fileEncoding = 4; lastKnownFileType = sourcecode.c.h; path = "UIImage+AFNetworking.h"; sourceTree = "<group>"; };
		18E16DEC234E0DC50093468A /* UIProgressView+AFNetworking.h */ = {isa = PBXFileReference; fileEncoding = 4; lastKnownFileType = sourcecode.c.h; path = "UIProgressView+AFNetworking.h"; sourceTree = "<group>"; };
		18E16DED234E0DC50093468A /* UIImageView+AFNetworking.m */ = {isa = PBXFileReference; fileEncoding = 4; lastKnownFileType = sourcecode.c.objc; path = "UIImageView+AFNetworking.m"; sourceTree = "<group>"; };
		18E16DEE234E0DC50093468A /* UIKit+AFNetworking.h */ = {isa = PBXFileReference; fileEncoding = 4; lastKnownFileType = sourcecode.c.h; path = "UIKit+AFNetworking.h"; sourceTree = "<group>"; };
		18E16DEF234E0DC50093468A /* UIRefreshControl+AFNetworking.h */ = {isa = PBXFileReference; fileEncoding = 4; lastKnownFileType = sourcecode.c.h; path = "UIRefreshControl+AFNetworking.h"; sourceTree = "<group>"; };
		18E16DF0234E0DC50093468A /* UIButton+AFNetworking.m */ = {isa = PBXFileReference; fileEncoding = 4; lastKnownFileType = sourcecode.c.objc; path = "UIButton+AFNetworking.m"; sourceTree = "<group>"; };
		18E16DF1234E0DC50093468A /* UIActivityIndicatorView+AFNetworking.m */ = {isa = PBXFileReference; fileEncoding = 4; lastKnownFileType = sourcecode.c.objc; path = "UIActivityIndicatorView+AFNetworking.m"; sourceTree = "<group>"; };
		18E16DF2234E0DC50093468A /* UIWebView+AFNetworking.m */ = {isa = PBXFileReference; fileEncoding = 4; lastKnownFileType = sourcecode.c.objc; path = "UIWebView+AFNetworking.m"; sourceTree = "<group>"; };
		18E16DF3234E0DC50093468A /* AFAutoPurgingImageCache.m */ = {isa = PBXFileReference; fileEncoding = 4; lastKnownFileType = sourcecode.c.objc; path = AFAutoPurgingImageCache.m; sourceTree = "<group>"; };
		18E16DF4234E0DC50093468A /* AFNetworkActivityIndicatorManager.h */ = {isa = PBXFileReference; fileEncoding = 4; lastKnownFileType = sourcecode.c.h; path = AFNetworkActivityIndicatorManager.h; sourceTree = "<group>"; };
		18E16DF5234E0DC50093468A /* AFImageDownloader.m */ = {isa = PBXFileReference; fileEncoding = 4; lastKnownFileType = sourcecode.c.objc; path = AFImageDownloader.m; sourceTree = "<group>"; };
		18E16DF7234E0DC50093468A /* AFSecurityPolicy.h */ = {isa = PBXFileReference; fileEncoding = 4; lastKnownFileType = sourcecode.c.h; path = AFSecurityPolicy.h; sourceTree = "<group>"; };
		18E16DF8234E0DC50093468A /* AFNetworkReachabilityManager.h */ = {isa = PBXFileReference; fileEncoding = 4; lastKnownFileType = sourcecode.c.h; path = AFNetworkReachabilityManager.h; sourceTree = "<group>"; };
		18E16DF9234E0DC50093468A /* AFURLSessionManager.h */ = {isa = PBXFileReference; fileEncoding = 4; lastKnownFileType = sourcecode.c.h; path = AFURLSessionManager.h; sourceTree = "<group>"; };
		18E16DFA234E0DC50093468A /* AFURLRequestSerialization.h */ = {isa = PBXFileReference; fileEncoding = 4; lastKnownFileType = sourcecode.c.h; path = AFURLRequestSerialization.h; sourceTree = "<group>"; };
		18E16DFB234E0DC50093468A /* AFURLResponseSerialization.m */ = {isa = PBXFileReference; fileEncoding = 4; lastKnownFileType = sourcecode.c.objc; path = AFURLResponseSerialization.m; sourceTree = "<group>"; };
		18E16DFC234E0DC50093468A /* AFHTTPSessionManager.m */ = {isa = PBXFileReference; fileEncoding = 4; lastKnownFileType = sourcecode.c.objc; path = AFHTTPSessionManager.m; sourceTree = "<group>"; };
		18E16DFD234E0DC50093468A /* AFURLResponseSerialization.h */ = {isa = PBXFileReference; fileEncoding = 4; lastKnownFileType = sourcecode.c.h; path = AFURLResponseSerialization.h; sourceTree = "<group>"; };
		18E16DFE234E0DC50093468A /* AFURLSessionManager.m */ = {isa = PBXFileReference; fileEncoding = 4; lastKnownFileType = sourcecode.c.objc; path = AFURLSessionManager.m; sourceTree = "<group>"; };
		18E16DFF234E0DC50093468A /* AFURLRequestSerialization.m */ = {isa = PBXFileReference; fileEncoding = 4; lastKnownFileType = sourcecode.c.objc; path = AFURLRequestSerialization.m; sourceTree = "<group>"; };
		18E16E00234E0DC50093468A /* AFNetworking.h */ = {isa = PBXFileReference; fileEncoding = 4; lastKnownFileType = sourcecode.c.h; path = AFNetworking.h; sourceTree = "<group>"; };
		18E16E01234E0DC50093468A /* AFNetworkReachabilityManager.m */ = {isa = PBXFileReference; fileEncoding = 4; lastKnownFileType = sourcecode.c.objc; path = AFNetworkReachabilityManager.m; sourceTree = "<group>"; };
		18E16E02234E0DC50093468A /* AFSecurityPolicy.m */ = {isa = PBXFileReference; fileEncoding = 4; lastKnownFileType = sourcecode.c.objc; path = AFSecurityPolicy.m; sourceTree = "<group>"; };
		18E16E03234E0DC50093468A /* AFCompatibilityMacros.h */ = {isa = PBXFileReference; fileEncoding = 4; lastKnownFileType = sourcecode.c.h; path = AFCompatibilityMacros.h; sourceTree = "<group>"; };
		18E16E04234E0DC50093468A /* AFHTTPSessionManager.h */ = {isa = PBXFileReference; fileEncoding = 4; lastKnownFileType = sourcecode.c.h; path = AFHTTPSessionManager.h; sourceTree = "<group>"; };
		18E16E27234E0DC50093468A /* NetworkManager.m */ = {isa = PBXFileReference; fileEncoding = 4; lastKnownFileType = sourcecode.c.objc; path = NetworkManager.m; sourceTree = "<group>"; };
		18E16E29234E0DC50093468A /* WebToolbarView.m */ = {isa = PBXFileReference; fileEncoding = 4; lastKnownFileType = sourcecode.c.objc; path = WebToolbarView.m; sourceTree = "<group>"; };
		18E16E2A234E0DC50093468A /* WebUserProfile.h */ = {isa = PBXFileReference; fileEncoding = 4; lastKnownFileType = sourcecode.c.h; path = WebUserProfile.h; sourceTree = "<group>"; };
		18E16E2B234E0DC50093468A /* WebViewController.m */ = {isa = PBXFileReference; fileEncoding = 4; lastKnownFileType = sourcecode.c.objc; path = WebViewController.m; sourceTree = "<group>"; };
		18E16E2C234E0DC50093468A /* WebToolbarDelegate.h */ = {isa = PBXFileReference; fileEncoding = 4; lastKnownFileType = sourcecode.c.h; path = WebToolbarDelegate.h; sourceTree = "<group>"; };
		18E16E2D234E0DC50093468A /* WebToolbarView.h */ = {isa = PBXFileReference; fileEncoding = 4; lastKnownFileType = sourcecode.c.h; path = WebToolbarView.h; sourceTree = "<group>"; };
		18E16E2F234E0DC50093468A /* closed.png */ = {isa = PBXFileReference; lastKnownFileType = image.png; path = closed.png; sourceTree = "<group>"; };
		18E16E30234E0DC50093468A /* home.png */ = {isa = PBXFileReference; lastKnownFileType = image.png; path = home.png; sourceTree = "<group>"; };
		18E16E31234E0DC50093468A /* forward.png */ = {isa = PBXFileReference; lastKnownFileType = image.png; path = forward.png; sourceTree = "<group>"; };
		18E16E32234E0DC50093468A /* guanbi.png */ = {isa = PBXFileReference; lastKnownFileType = image.png; path = guanbi.png; sourceTree = "<group>"; };
		18E16E33234E0DC50093468A /* back.png */ = {isa = PBXFileReference; lastKnownFileType = image.png; path = back.png; sourceTree = "<group>"; };
		18E16E34234E0DC50093468A /* reload.png */ = {isa = PBXFileReference; lastKnownFileType = image.png; path = reload.png; sourceTree = "<group>"; };
		18E16E35234E0DC50093468A /* WebUserProfile.m */ = {isa = PBXFileReference; fileEncoding = 4; lastKnownFileType = sourcecode.c.objc; path = WebUserProfile.m; sourceTree = "<group>"; };
		18E16E36234E0DC50093468A /* WebViewController.h */ = {isa = PBXFileReference; fileEncoding = 4; lastKnownFileType = sourcecode.c.h; path = WebViewController.h; sourceTree = "<group>"; };
		18E16E37234E0DC50093468A /* NetworkManager.h */ = {isa = PBXFileReference; fileEncoding = 4; lastKnownFileType = sourcecode.c.h; path = NetworkManager.h; sourceTree = "<group>"; };
/* End PBXFileReference section */

/* Begin PBXFrameworksBuildPhase section */
		18E16D86234E0B610093468A /* Frameworks */ = {
			isa = PBXFrameworksBuildPhase;
			buildActionMask = 2147483647;
			files = (
			);
			runOnlyForDeploymentPostprocessing = 0;
		};
/* End PBXFrameworksBuildPhase section */

/* Begin PBXGroup section */
		18E16D80234E0B610093468A = {
			isa = PBXGroup;
			children = (
				18E16D8B234E0B610093468A /* WebViewDemo */,
				18E16D8A234E0B610093468A /* Products */,
			);
			sourceTree = "<group>";
		};
		18E16D8A234E0B610093468A /* Products */ = {
			isa = PBXGroup;
			children = (
				18E16D89234E0B610093468A /* WebViewDemo.app */,
			);
			name = Products;
			sourceTree = "<group>";
		};
		18E16D8B234E0B610093468A /* WebViewDemo */ = {
			isa = PBXGroup;
			children = (
				18E16E7B234E0DCD0093468A /* sdkUtils */,
				18E16D8C234E0B610093468A /* AppDelegate.h */,
				18E16D8D234E0B610093468A /* AppDelegate.m */,
				18E16D92234E0B610093468A /* ViewController.h */,
				18E16D93234E0B610093468A /* ViewController.m */,
				18E16D95234E0B610093468A /* Main.storyboard */,
				18E16D98234E0B630093468A /* Assets.xcassets */,
				18E16D9A234E0B630093468A /* LaunchScreen.storyboard */,
				18E16D9D234E0B630093468A /* Info.plist */,
				18E16D9E234E0B630093468A /* main.m */,
			);
			path = WebViewDemo;
			sourceTree = "<group>";
		};
		18E16DA5234E0DC40093468A /* api */ = {
			isa = PBXGroup;
			children = (
				18E16DDE234E0DC40093468A /* AFNetworking */,
			);
			path = api;
			sourceTree = "<group>";
		};
		18E16DDE234E0DC40093468A /* AFNetworking */ = {
			isa = PBXGroup;
			children = (
				18E16DDF234E0DC40093468A /* LICENSE */,
				18E16DE0234E0DC40093468A /* README.md */,
				18E16DE1234E0DC40093468A /* UIKit+AFNetworking */,
				18E16DF6234E0DC50093468A /* AFNetworking */,
			);
			path = AFNetworking;
			sourceTree = "<group>";
		};
		18E16DE1234E0DC40093468A /* UIKit+AFNetworking */ = {
			isa = PBXGroup;
			children = (
				18E16DE2234E0DC40093468A /* UIProgressView+AFNetworking.m */,
				18E16DE3234E0DC40093468A /* UIButton+AFNetworking.h */,
				18E16DE4234E0DC40093468A /* UIRefreshControl+AFNetworking.m */,
				18E16DE5234E0DC40093468A /* UIImageView+AFNetworking.h */,
				18E16DE6234E0DC40093468A /* AFImageDownloader.h */,
				18E16DE7234E0DC40093468A /* AFNetworkActivityIndicatorManager.m */,
				18E16DE8234E0DC40093468A /* AFAutoPurgingImageCache.h */,
				18E16DE9234E0DC50093468A /* UIWebView+AFNetworking.h */,
				18E16DEA234E0DC50093468A /* UIActivityIndicatorView+AFNetworking.h */,
				18E16DEB234E0DC50093468A /* UIImage+AFNetworking.h */,
				18E16DEC234E0DC50093468A /* UIProgressView+AFNetworking.h */,
				18E16DED234E0DC50093468A /* UIImageView+AFNetworking.m */,
				18E16DEE234E0DC50093468A /* UIKit+AFNetworking.h */,
				18E16DEF234E0DC50093468A /* UIRefreshControl+AFNetworking.h */,
				18E16DF0234E0DC50093468A /* UIButton+AFNetworking.m */,
				18E16DF1234E0DC50093468A /* UIActivityIndicatorView+AFNetworking.m */,
				18E16DF2234E0DC50093468A /* UIWebView+AFNetworking.m */,
				18E16DF3234E0DC50093468A /* AFAutoPurgingImageCache.m */,
				18E16DF4234E0DC50093468A /* AFNetworkActivityIndicatorManager.h */,
				18E16DF5234E0DC50093468A /* AFImageDownloader.m */,
			);
			path = "UIKit+AFNetworking";
			sourceTree = "<group>";
		};
		18E16DF6234E0DC50093468A /* AFNetworking */ = {
			isa = PBXGroup;
			children = (
				18E16DF7234E0DC50093468A /* AFSecurityPolicy.h */,
				18E16DF8234E0DC50093468A /* AFNetworkReachabilityManager.h */,
				18E16DF9234E0DC50093468A /* AFURLSessionManager.h */,
				18E16DFA234E0DC50093468A /* AFURLRequestSerialization.h */,
				18E16DFB234E0DC50093468A /* AFURLResponseSerialization.m */,
				18E16DFC234E0DC50093468A /* AFHTTPSessionManager.m */,
				18E16DFD234E0DC50093468A /* AFURLResponseSerialization.h */,
				18E16DFE234E0DC50093468A /* AFURLSessionManager.m */,
				18E16DFF234E0DC50093468A /* AFURLRequestSerialization.m */,
				18E16E00234E0DC50093468A /* AFNetworking.h */,
				18E16E01234E0DC50093468A /* AFNetworkReachabilityManager.m */,
				18E16E02234E0DC50093468A /* AFSecurityPolicy.m */,
				18E16E03234E0DC50093468A /* AFCompatibilityMacros.h */,
				18E16E04234E0DC50093468A /* AFHTTPSessionManager.h */,
			);
			path = AFNetworking;
			sourceTree = "<group>";
		};
		18E16E28234E0DC50093468A /* webUtils */ = {
			isa = PBXGroup;
			children = (
				18E16E29234E0DC50093468A /* WebToolbarView.m */,
				18E16E2A234E0DC50093468A /* WebUserProfile.h */,
				18E16E2B234E0DC50093468A /* WebViewController.m */,
				18E16E2C234E0DC50093468A /* WebToolbarDelegate.h */,
				18E16E2D234E0DC50093468A /* WebToolbarView.h */,
				18E16E2E234E0DC50093468A /* icons */,
				18E16E35234E0DC50093468A /* WebUserProfile.m */,
				18E16E36234E0DC50093468A /* WebViewController.h */,
			);
			path = webUtils;
			sourceTree = "<group>";
		};
		18E16E2E234E0DC50093468A /* icons */ = {
			isa = PBXGroup;
			children = (
				18E16E2F234E0DC50093468A /* closed.png */,
				18E16E30234E0DC50093468A /* home.png */,
				18E16E31234E0DC50093468A /* forward.png */,
				18E16E32234E0DC50093468A /* guanbi.png */,
				18E16E33234E0DC50093468A /* back.png */,
				18E16E34234E0DC50093468A /* reload.png */,
			);
			path = icons;
			sourceTree = "<group>";
		};
		18E16E7B234E0DCD0093468A /* sdkUtils */ = {
			isa = PBXGroup;
			children = (
				18E16DA5234E0DC40093468A /* api */,
				18E16E37234E0DC50093468A /* NetworkManager.h */,
				18E16E27234E0DC50093468A /* NetworkManager.m */,
				18E16E28234E0DC50093468A /* webUtils */,
			);
			path = sdkUtils;
			sourceTree = "<group>";
		};
/* End PBXGroup section */

/* Begin PBXNativeTarget section */
		18E16D88234E0B610093468A /* WebViewDemo */ = {
			isa = PBXNativeTarget;
			buildConfigurationList = 18E16DA2234E0B630093468A /* Build configuration list for PBXNativeTarget "WebViewDemo" */;
			buildPhases = (
				18E16D85234E0B610093468A /* Sources */,
				18E16D86234E0B610093468A /* Frameworks */,
				18E16D87234E0B610093468A /* Resources */,
			);
			buildRules = (
			);
			dependencies = (
			);
			name = WebViewDemo;
			productName = WebViewDemo;
			productReference = 18E16D89234E0B610093468A /* WebViewDemo.app */;
			productType = "com.apple.product-type.application";
		};
/* End PBXNativeTarget section */

/* Begin PBXProject section */
		18E16D81234E0B610093468A /* Project object */ = {
			isa = PBXProject;
			attributes = {
				LastUpgradeCheck = 1100;
				ORGANIZATIONNAME = Ranghua;
				TargetAttributes = {
					18E16D88234E0B610093468A = {
						CreatedOnToolsVersion = 11.0;
					};
				};
			};
			buildConfigurationList = 18E16D84234E0B610093468A /* Build configuration list for PBXProject "WebViewDemo" */;
			compatibilityVersion = "Xcode 9.3";
			developmentRegion = en;
			hasScannedForEncodings = 0;
			knownRegions = (
				en,
				Base,
			);
			mainGroup = 18E16D80234E0B610093468A;
			productRefGroup = 18E16D8A234E0B610093468A /* Products */;
			projectDirPath = "";
			projectRoot = "";
			targets = (
				18E16D88234E0B610093468A /* WebViewDemo */,
			);
		};
/* End PBXProject section */

/* Begin PBXResourcesBuildPhase section */
		18E16D87234E0B610093468A /* Resources */ = {
			isa = PBXResourcesBuildPhase;
			buildActionMask = 2147483647;
			files = (
				18E16E50234E0DC50093468A /* LICENSE in Resources */,
				18E16E79234E0DC50093468A /* reload.png in Resources */,
				18E16E75234E0DC50093468A /* home.png in Resources */,
				18E16D9C234E0B630093468A /* LaunchScreen.storyboard in Resources */,
				18E16E51234E0DC50093468A /* README.md in Resources */,
				18E16D99234E0B630093468A /* Assets.xcassets in Resources */,
				18E16D97234E0B610093468A /* Main.storyboard in Resources */,
				18E16E78234E0DC50093468A /* back.png in Resources */,
				18E16E77234E0DC50093468A /* guanbi.png in Resources */,
				18E16E74234E0DC50093468A /* closed.png in Resources */,
				18E16E76234E0DC50093468A /* forward.png in Resources */,
			);
			runOnlyForDeploymentPostprocessing = 0;
		};
/* End PBXResourcesBuildPhase section */

/* Begin PBXSourcesBuildPhase section */
		18E16D85234E0B610093468A /* Sources */ = {
			isa = PBXSourcesBuildPhase;
			buildActionMask = 2147483647;
			files = (
				18E16E5F234E0DC50093468A /* AFNetworkReachabilityManager.m in Sources */,
				18E16E57234E0DC50093468A /* UIActivityIndicatorView+AFNetworking.m in Sources */,
				18E16E5C234E0DC50093468A /* AFHTTPSessionManager.m in Sources */,
				18E16E5A234E0DC50093468A /* AFImageDownloader.m in Sources */,
				18E16E58234E0DC50093468A /* UIWebView+AFNetworking.m in Sources */,
				18E16D94234E0B610093468A /* ViewController.m in Sources */,
				18E16E7A234E0DC50093468A /* WebUserProfile.m in Sources */,
				18E16E71234E0DC50093468A /* NetworkManager.m in Sources */,
				18E16E5D234E0DC50093468A /* AFURLSessionManager.m in Sources */,
				18E16E55234E0DC50093468A /* UIImageView+AFNetworking.m in Sources */,
				18E16D8E234E0B610093468A /* AppDelegate.m in Sources */,
				18E16E73234E0DC50093468A /* WebViewController.m in Sources */,
				18E16D9F234E0B630093468A /* main.m in Sources */,
				18E16E54234E0DC50093468A /* AFNetworkActivityIndicatorManager.m in Sources */,
				18E16E52234E0DC50093468A /* UIProgressView+AFNetworking.m in Sources */,
				18E16E72234E0DC50093468A /* WebToolbarView.m in Sources */,
				18E16E5B234E0DC50093468A /* AFURLResponseSerialization.m in Sources */,
				18E16E53234E0DC50093468A /* UIRefreshControl+AFNetworking.m in Sources */,
				18E16E59234E0DC50093468A /* AFAutoPurgingImageCache.m in Sources */,
				18E16E5E234E0DC50093468A /* AFURLRequestSerialization.m in Sources */,
				18E16E56234E0DC50093468A /* UIButton+AFNetworking.m in Sources */,
				18E16E60234E0DC50093468A /* AFSecurityPolicy.m in Sources */,
			);
			runOnlyForDeploymentPostprocessing = 0;
		};
/* End PBXSourcesBuildPhase section */

/* Begin PBXVariantGroup section */
		18E16D95234E0B610093468A /* Main.storyboard */ = {
			isa = PBXVariantGroup;
			children = (
				18E16D96234E0B610093468A /* Base */,
			);
			name = Main.storyboard;
			sourceTree = "<group>";
		};
		18E16D9A234E0B630093468A /* LaunchScreen.storyboard */ = {
			isa = PBXVariantGroup;
			children = (
				18E16D9B234E0B630093468A /* Base */,
			);
			name = LaunchScreen.storyboard;
			sourceTree = "<group>";
		};
/* End PBXVariantGroup section */

/* Begin XCBuildConfiguration section */
		18E16DA0234E0B630093468A /* Debug */ = {
			isa = XCBuildConfiguration;
			buildSettings = {
				ALWAYS_SEARCH_USER_PATHS = NO;
				CLANG_ANALYZER_NONNULL = YES;
				CLANG_ANALYZER_NUMBER_OBJECT_CONVERSION = YES_AGGRESSIVE;
				CLANG_CXX_LANGUAGE_STANDARD = "gnu++14";
				CLANG_CXX_LIBRARY = "libc++";
				CLANG_ENABLE_MODULES = YES;
				CLANG_ENABLE_OBJC_ARC = YES;
				CLANG_ENABLE_OBJC_WEAK = YES;
				CLANG_WARN_BLOCK_CAPTURE_AUTORELEASING = YES;
				CLANG_WARN_BOOL_CONVERSION = YES;
				CLANG_WARN_COMMA = YES;
				CLANG_WARN_CONSTANT_CONVERSION = YES;
				CLANG_WARN_DEPRECATED_OBJC_IMPLEMENTATIONS = YES;
				CLANG_WARN_DIRECT_OBJC_ISA_USAGE = YES_ERROR;
				CLANG_WARN_DOCUMENTATION_COMMENTS = YES;
				CLANG_WARN_EMPTY_BODY = YES;
				CLANG_WARN_ENUM_CONVERSION = YES;
				CLANG_WARN_INFINITE_RECURSION = YES;
				CLANG_WARN_INT_CONVERSION = YES;
				CLANG_WARN_NON_LITERAL_NULL_CONVERSION = YES;
				CLANG_WARN_OBJC_IMPLICIT_RETAIN_SELF = YES;
				CLANG_WARN_OBJC_LITERAL_CONVERSION = YES;
				CLANG_WARN_OBJC_ROOT_CLASS = YES_ERROR;
				CLANG_WARN_RANGE_LOOP_ANALYSIS = YES;
				CLANG_WARN_STRICT_PROTOTYPES = YES;
				CLANG_WARN_SUSPICIOUS_MOVE = YES;
				CLANG_WARN_UNGUARDED_AVAILABILITY = YES_AGGRESSIVE;
				CLANG_WARN_UNREACHABLE_CODE = YES;
				CLANG_WARN__DUPLICATE_METHOD_MATCH = YES;
				COPY_PHASE_STRIP = NO;
				DEBUG_INFORMATION_FORMAT = dwarf;
				ENABLE_STRICT_OBJC_MSGSEND = YES;
				ENABLE_TESTABILITY = YES;
				GCC_C_LANGUAGE_STANDARD = gnu11;
				GCC_DYNAMIC_NO_PIC = NO;
				GCC_NO_COMMON_BLOCKS = YES;
				GCC_OPTIMIZATION_LEVEL = 0;
				GCC_PREPROCESSOR_DEFINITIONS = (
					"DEBUG=1",
					"$(inherited)",
				);
				GCC_WARN_64_TO_32_BIT_CONVERSION = YES;
				GCC_WARN_ABOUT_RETURN_TYPE = YES_ERROR;
				GCC_WARN_UNDECLARED_SELECTOR = YES;
				GCC_WARN_UNINITIALIZED_AUTOS = YES_AGGRESSIVE;
				GCC_WARN_UNUSED_FUNCTION = YES;
				GCC_WARN_UNUSED_VARIABLE = YES;
				IPHONEOS_DEPLOYMENT_TARGET = 11.0;
				MTL_ENABLE_DEBUG_INFO = INCLUDE_SOURCE;
				MTL_FAST_MATH = YES;
				ONLY_ACTIVE_ARCH = YES;
				SDKROOT = iphoneos;
			};
			name = Debug;
		};
		18E16DA1234E0B630093468A /* Release */ = {
			isa = XCBuildConfiguration;
			buildSettings = {
				ALWAYS_SEARCH_USER_PATHS = NO;
				CLANG_ANALYZER_NONNULL = YES;
				CLANG_ANALYZER_NUMBER_OBJECT_CONVERSION = YES_AGGRESSIVE;
				CLANG_CXX_LANGUAGE_STANDARD = "gnu++14";
				CLANG_CXX_LIBRARY = "libc++";
				CLANG_ENABLE_MODULES = YES;
				CLANG_ENABLE_OBJC_ARC = YES;
				CLANG_ENABLE_OBJC_WEAK = YES;
				CLANG_WARN_BLOCK_CAPTURE_AUTORELEASING = YES;
				CLANG_WARN_BOOL_CONVERSION = YES;
				CLANG_WARN_COMMA = YES;
				CLANG_WARN_CONSTANT_CONVERSION = YES;
				CLANG_WARN_DEPRECATED_OBJC_IMPLEMENTATIONS = YES;
				CLANG_WARN_DIRECT_OBJC_ISA_USAGE = YES_ERROR;
				CLANG_WARN_DOCUMENTATION_COMMENTS = YES;
				CLANG_WARN_EMPTY_BODY = YES;
				CLANG_WARN_ENUM_CONVERSION = YES;
				CLANG_WARN_INFINITE_RECURSION = YES;
				CLANG_WARN_INT_CONVERSION = YES;
				CLANG_WARN_NON_LITERAL_NULL_CONVERSION = YES;
				CLANG_WARN_OBJC_IMPLICIT_RETAIN_SELF = YES;
				CLANG_WARN_OBJC_LITERAL_CONVERSION = YES;
				CLANG_WARN_OBJC_ROOT_CLASS = YES_ERROR;
				CLANG_WARN_RANGE_LOOP_ANALYSIS = YES;
				CLANG_WARN_STRICT_PROTOTYPES = YES;
				CLANG_WARN_SUSPICIOUS_MOVE = YES;
				CLANG_WARN_UNGUARDED_AVAILABILITY = YES_AGGRESSIVE;
				CLANG_WARN_UNREACHABLE_CODE = YES;
				CLANG_WARN__DUPLICATE_METHOD_MATCH = YES;
				COPY_PHASE_STRIP = NO;
				DEBUG_INFORMATION_FORMAT = "dwarf-with-dsym";
				ENABLE_NS_ASSERTIONS = NO;
				ENABLE_STRICT_OBJC_MSGSEND = YES;
				GCC_C_LANGUAGE_STANDARD = gnu11;
				GCC_NO_COMMON_BLOCKS = YES;
				GCC_WARN_64_TO_32_BIT_CONVERSION = YES;
				GCC_WARN_ABOUT_RETURN_TYPE = YES_ERROR;
				GCC_WARN_UNDECLARED_SELECTOR = YES;
				GCC_WARN_UNINITIALIZED_AUTOS = YES_AGGRESSIVE;
				GCC_WARN_UNUSED_FUNCTION = YES;
				GCC_WARN_UNUSED_VARIABLE = YES;
				IPHONEOS_DEPLOYMENT_TARGET = 11.0;
				MTL_ENABLE_DEBUG_INFO = NO;
				MTL_FAST_MATH = YES;
				SDKROOT = iphoneos;
				VALIDATE_PRODUCT = YES;
			};
			name = Release;
		};
		18E16DA3234E0B630093468A /* Debug */ = {
			isa = XCBuildConfiguration;
			buildSettings = {
				ASSETCATALOG_COMPILER_APPICON_NAME = AppIcon;
				CODE_SIGN_STYLE = Automatic;
				DEVELOPMENT_TEAM = YN726WP7FM;
				INFOPLIST_FILE = WebViewDemo/Info.plist;
				LD_RUNPATH_SEARCH_PATHS = (
					"$(inherited)",
					"@executable_path/Frameworks",
				);
				PRODUCT_BUNDLE_IDENTIFIER = com.ranghua.WebViewDemo;
				PRODUCT_NAME = "$(TARGET_NAME)";
				TARGETED_DEVICE_FAMILY = "1,2";
			};
			name = Debug;
		};
		18E16DA4234E0B630093468A /* Release */ = {
			isa = XCBuildConfiguration;
			buildSettings = {
				ASSETCATALOG_COMPILER_APPICON_NAME = AppIcon;
				CODE_SIGN_STYLE = Automatic;
				DEVELOPMENT_TEAM = YN726WP7FM;
				INFOPLIST_FILE = WebViewDemo/Info.plist;
				LD_RUNPATH_SEARCH_PATHS = (
					"$(inherited)",
					"@executable_path/Frameworks",
				);
				PRODUCT_BUNDLE_IDENTIFIER = com.ranghua.WebViewDemo;
				PRODUCT_NAME = "$(TARGET_NAME)";
				TARGETED_DEVICE_FAMILY = "1,2";
			};
			name = Release;
		};
/* End XCBuildConfiguration section */

/* Begin XCConfigurationList section */
		18E16D84234E0B610093468A /* Build configuration list for PBXProject "WebViewDemo" */ = {
			isa = XCConfigurationList;
			buildConfigurations = (
				18E16DA0234E0B630093468A /* Debug */,
				18E16DA1234E0B630093468A /* Release */,
			);
			defaultConfigurationIsVisible = 0;
			defaultConfigurationName = Release;
		};
		18E16DA2234E0B630093468A /* Build configuration list for PBXNativeTarget "WebViewDemo" */ = {
			isa = XCConfigurationList;
			buildConfigurations = (
				18E16DA3234E0B630093468A /* Debug */,
				18E16DA4234E0B630093468A /* Release */,
			);
			defaultConfigurationIsVisible = 0;
			defaultConfigurationName = Release;
		};
/* End XCConfigurationList section */
	};
	rootObject = 18E16D81234E0B610093468A /* Project object */;
}
